
Microsoft Visual Studio Solution File, Format Version 12.00
# Visual Studio Version 16
VisualStudioVersion = 16.0.30225.117
MinimumVisualStudioVersion = 10.0.40219.1
Project("{FAE04EC0-301F-11D3-BF4B-00C04F79EFBC}") = "OnlineCrimeAndJusticeClassLibrary", "OnlineCrimeAndJusticeClassLibrary\OnlineCrimeAndJusticeClassLibrary.csproj", "{4DFF48B0-40D4-4379-884E-03CBAE3A8DB8}"
EndProject
Project("{FAE04EC0-301F-11D3-BF4B-00C04F79EFBC}") = "OnlineCrimeAndJusticeSystemWeb", "OnlineCrimeAndJusticeSystemWeb\OnlineCrimeAndJusticeSystemWeb.csproj", "{A6BC07CE-E94E-4BA0-A5D6-DD3A901E9786}"
EndProject
Global
	GlobalSection(SolutionConfigurationPlatforms) = preSolution
		Debug|Any CPU = Debug|Any CPU
		Release|Any CPU = Release|Any CPU
	EndGlobalSection
	GlobalSection(ProjectConfigurationPlatforms) = postSolution
		{4DFF48B0-40D4-4379-884E-03CBAE3A8DB8}.Debug|Any CPU.ActiveCfg = Debug|Any CPU
		{4DFF48B0-40D4-4379-884E-03CBAE3A8DB8}.Debug|Any CPU.Build.0 = Debug|Any CPU
		{4DFF48B0-40D4-4379-884E-03CBAE3A8DB8}.Release|Any CPU.ActiveCfg = Release|Any CPU
		{4DFF48B0-40D4-4379-884E-03CBAE3A8DB8}.Release|Any CPU.Build.0 = Release|Any CPU
		{A6BC07CE-E94E-4BA0-A5D6-DD3A901E9786}.Debug|Any CPU.ActiveCfg = Debug|Any CPU
		{A6BC07CE-E94E-4BA0-A5D6-DD3A901E9786}.Debug|Any CPU.Build.0 = Debug|Any CPU
		{A6BC07CE-E94E-4BA0-A5D6-DD3A901E9786}.Release|Any CPU.ActiveCfg = Release|Any CPU
		{A6BC07CE-E94E-4BA0-A5D6-DD3A901E9786}.Release|Any CPU.Build.0 = Release|Any CPU
	EndGlobalSection
	GlobalSection(SolutionProperties) = preSolution
		HideSolutionNode = FALSE
	EndGlobalSection
	GlobalSection(ExtensibilityGlobals) = postSolution
		SolutionGuid = {6814B54C-F006-43C1-96C8-10105B842507}
	EndGlobalSection
EndGlobal
